
Microsoft Visual Studio Solution File, Format Version 12.00
# Visual Studio 15
VisualStudioVersion = 15.0.28307.757
MinimumVisualStudioVersion = 10.0.40219.1
Project("{9A19103F-16F7-4668-BE54-9A1E7A4F7556}") = "Kogel.Dapper.Extension", "Kogel.Dapper.Extension\Kogel.Dapper.Extension.csproj", "{87E91D82-CE44-43B0-92B0-F4279A6708D7}"
EndProject
Project("{9A19103F-16F7-4668-BE54-9A1E7A4F7556}") = "Kogel.Dapper.Extension.Mssql", "Kogel.Dapper.Extension.Mssql\Kogel.Dapper.Extension.Mssql.csproj", "{4FEBB10F-C126-4C82-AF5A-EE5361FEE46C}"
EndProject
Global
	GlobalSection(SolutionConfigurationPlatforms) = preSolution
		Debug|Any CPU = Debug|Any CPU
		Release|Any CPU = Release|Any CPU
	EndGlobalSection
	GlobalSection(ProjectConfigurationPlatforms) = postSolution
		{87E91D82-CE44-43B0-92B0-F4279A6708D7}.Debug|Any CPU.ActiveCfg = Debug|Any CPU
		{87E91D82-CE44-43B0-92B0-F4279A6708D7}.Debug|Any CPU.Build.0 = Debug|Any CPU
		{87E91D82-CE44-43B0-92B0-F4279A6708D7}.Release|Any CPU.ActiveCfg = Release|Any CPU
		{87E91D82-CE44-43B0-92B0-F4279A6708D7}.Release|Any CPU.Build.0 = Release|Any CPU
		{4FEBB10F-C126-4C82-AF5A-EE5361FEE46C}.Debug|Any CPU.ActiveCfg = Debug|Any CPU
		{4FEBB10F-C126-4C82-AF5A-EE5361FEE46C}.Debug|Any CPU.Build.0 = Debug|Any CPU
		{4FEBB10F-C126-4C82-AF5A-EE5361FEE46C}.Release|Any CPU.ActiveCfg = Release|Any CPU
		{4FEBB10F-C126-4C82-AF5A-EE5361FEE46C}.Release|Any CPU.Build.0 = Release|Any CPU
	EndGlobalSection
	GlobalSection(SolutionProperties) = preSolution
		HideSolutionNode = FALSE
	EndGlobalSection
	GlobalSection(ExtensibilityGlobals) = postSolution
		SolutionGuid = {8BCD242F-5A4F-46C1-8180-A7300CE27088}
	EndGlobalSection
EndGlobal
