
Microsoft Visual Studio Solution File, Format Version 12.00
# Visual Studio Version 16
VisualStudioVersion = 16.0.31112.23
MinimumVisualStudioVersion = 10.0.40219.1
Project("{9A19103F-16F7-4668-BE54-9A1E7A4F7556}") = "Kogel.Dapper.Extension", "Kogel.Dapper.Extension\Kogel.Dapper.Extension.csproj", "{87E91D82-CE44-43B0-92B0-F4279A6708D7}"
EndProject
Project("{9A19103F-16F7-4668-BE54-9A1E7A4F7556}") = "Kogel.Dapper.Extension.MsSql", "Kogel.Dapper.Extension.Mssql\Kogel.Dapper.Extension.MsSql.csproj", "{4FEBB10F-C126-4C82-AF5A-EE5361FEE46C}"
EndProject
Project("{9A19103F-16F7-4668-BE54-9A1E7A4F7556}") = "Kogel.Dapper.Extension.Oracle", "Kogel.Dapper.Extension.Oracle\Kogel.Dapper.Extension.Oracle.csproj", "{FA113961-E269-437D-BB8D-B30EE87B7883}"
EndProject
Project("{FAE04EC0-301F-11D3-BF4B-00C04F79EFBC}") = "Kogel.Dapper.Extension.Test", "Kogel.Dapper.Extension.Test\Kogel.Dapper.Extension.Test.csproj", "{5E18BE03-03CE-4732-AA33-7978859BCFEB}"
EndProject
Project("{9A19103F-16F7-4668-BE54-9A1E7A4F7556}") = "Kogel.Dapper.Extension.MySql", "Kogel.Dapper.Extension.MySql\Kogel.Dapper.Extension.MySql.csproj", "{1E431FF9-D7F5-4A31-8A1D-CD30AD7EBE6A}"
EndProject
Project("{2150E333-8FDC-42A3-9474-1A3956D46DE8}") = "Test", "Test", "{E1D84770-977A-4B19-8631-6FB0BF7EA019}"
EndProject
Project("{2150E333-8FDC-42A3-9474-1A3956D46DE8}") = "FrameWork", "FrameWork", "{A91BBDFA-C068-46F6-945A-28AEA81F3395}"
EndProject
Project("{9A19103F-16F7-4668-BE54-9A1E7A4F7556}") = "Kogel.Repository", "Kogel.Repository\Kogel.Repository.csproj", "{ACE6D42E-6830-4733-B5B7-A91E9B9E4451}"
EndProject
Project("{9A19103F-16F7-4668-BE54-9A1E7A4F7556}") = "Core.Test", "Core.Test\Core.Test.csproj", "{CE79D5FE-69A2-4664-9A63-9B3E257B2AF7}"
EndProject
Project("{2150E333-8FDC-42A3-9474-1A3956D46DE8}") = "Src", "Src", "{1D41244A-346A-4988-8CCB-9F244BEEED90}"
EndProject
Project("{9A19103F-16F7-4668-BE54-9A1E7A4F7556}") = "Kogel.Dapper.Extension.SQLite", "Kogel.Dapper.Extension.SQLite\Kogel.Dapper.Extension.SQLite.csproj", "{812556A1-6687-497A-A3A6-6157FB241220}"
EndProject
Global
	GlobalSection(SolutionConfigurationPlatforms) = preSolution
		Debug|Any CPU = Debug|Any CPU
		Release|Any CPU = Release|Any CPU
	EndGlobalSection
	GlobalSection(ProjectConfigurationPlatforms) = postSolution
		{87E91D82-CE44-43B0-92B0-F4279A6708D7}.Debug|Any CPU.ActiveCfg = Debug|Any CPU
		{87E91D82-CE44-43B0-92B0-F4279A6708D7}.Debug|Any CPU.Build.0 = Debug|Any CPU
		{87E91D82-CE44-43B0-92B0-F4279A6708D7}.Release|Any CPU.ActiveCfg = Release|Any CPU
		{87E91D82-CE44-43B0-92B0-F4279A6708D7}.Release|Any CPU.Build.0 = Release|Any CPU
		{4FEBB10F-C126-4C82-AF5A-EE5361FEE46C}.Debug|Any CPU.ActiveCfg = Debug|Any CPU
		{4FEBB10F-C126-4C82-AF5A-EE5361FEE46C}.Debug|Any CPU.Build.0 = Debug|Any CPU
		{4FEBB10F-C126-4C82-AF5A-EE5361FEE46C}.Release|Any CPU.ActiveCfg = Release|Any CPU
		{4FEBB10F-C126-4C82-AF5A-EE5361FEE46C}.Release|Any CPU.Build.0 = Release|Any CPU
		{FA113961-E269-437D-BB8D-B30EE87B7883}.Debug|Any CPU.ActiveCfg = Debug|Any CPU
		{FA113961-E269-437D-BB8D-B30EE87B7883}.Debug|Any CPU.Build.0 = Debug|Any CPU
		{FA113961-E269-437D-BB8D-B30EE87B7883}.Release|Any CPU.ActiveCfg = Release|Any CPU
		{FA113961-E269-437D-BB8D-B30EE87B7883}.Release|Any CPU.Build.0 = Release|Any CPU
		{5E18BE03-03CE-4732-AA33-7978859BCFEB}.Debug|Any CPU.ActiveCfg = Debug|Any CPU
		{5E18BE03-03CE-4732-AA33-7978859BCFEB}.Debug|Any CPU.Build.0 = Debug|Any CPU
		{5E18BE03-03CE-4732-AA33-7978859BCFEB}.Release|Any CPU.ActiveCfg = Release|Any CPU
		{5E18BE03-03CE-4732-AA33-7978859BCFEB}.Release|Any CPU.Build.0 = Release|Any CPU
		{1E431FF9-D7F5-4A31-8A1D-CD30AD7EBE6A}.Debug|Any CPU.ActiveCfg = Debug|Any CPU
		{1E431FF9-D7F5-4A31-8A1D-CD30AD7EBE6A}.Debug|Any CPU.Build.0 = Debug|Any CPU
		{1E431FF9-D7F5-4A31-8A1D-CD30AD7EBE6A}.Release|Any CPU.ActiveCfg = Release|Any CPU
		{1E431FF9-D7F5-4A31-8A1D-CD30AD7EBE6A}.Release|Any CPU.Build.0 = Release|Any CPU
		{ACE6D42E-6830-4733-B5B7-A91E9B9E4451}.Debug|Any CPU.ActiveCfg = Debug|Any CPU
		{ACE6D42E-6830-4733-B5B7-A91E9B9E4451}.Debug|Any CPU.Build.0 = Debug|Any CPU
		{ACE6D42E-6830-4733-B5B7-A91E9B9E4451}.Release|Any CPU.ActiveCfg = Release|Any CPU
		{ACE6D42E-6830-4733-B5B7-A91E9B9E4451}.Release|Any CPU.Build.0 = Release|Any CPU
		{CE79D5FE-69A2-4664-9A63-9B3E257B2AF7}.Debug|Any CPU.ActiveCfg = Debug|Any CPU
		{CE79D5FE-69A2-4664-9A63-9B3E257B2AF7}.Debug|Any CPU.Build.0 = Debug|Any CPU
		{CE79D5FE-69A2-4664-9A63-9B3E257B2AF7}.Release|Any CPU.ActiveCfg = Release|Any CPU
		{CE79D5FE-69A2-4664-9A63-9B3E257B2AF7}.Release|Any CPU.Build.0 = Release|Any CPU
		{812556A1-6687-497A-A3A6-6157FB241220}.Debug|Any CPU.ActiveCfg = Debug|Any CPU
		{812556A1-6687-497A-A3A6-6157FB241220}.Debug|Any CPU.Build.0 = Debug|Any CPU
		{812556A1-6687-497A-A3A6-6157FB241220}.Release|Any CPU.ActiveCfg = Release|Any CPU
		{812556A1-6687-497A-A3A6-6157FB241220}.Release|Any CPU.Build.0 = Release|Any CPU
	EndGlobalSection
	GlobalSection(SolutionProperties) = preSolution
		HideSolutionNode = FALSE
	EndGlobalSection
	GlobalSection(NestedProjects) = preSolution
		{87E91D82-CE44-43B0-92B0-F4279A6708D7} = {A91BBDFA-C068-46F6-945A-28AEA81F3395}
		{4FEBB10F-C126-4C82-AF5A-EE5361FEE46C} = {A91BBDFA-C068-46F6-945A-28AEA81F3395}
		{FA113961-E269-437D-BB8D-B30EE87B7883} = {A91BBDFA-C068-46F6-945A-28AEA81F3395}
		{5E18BE03-03CE-4732-AA33-7978859BCFEB} = {E1D84770-977A-4B19-8631-6FB0BF7EA019}
		{1E431FF9-D7F5-4A31-8A1D-CD30AD7EBE6A} = {A91BBDFA-C068-46F6-945A-28AEA81F3395}
		{ACE6D42E-6830-4733-B5B7-A91E9B9E4451} = {A91BBDFA-C068-46F6-945A-28AEA81F3395}
		{CE79D5FE-69A2-4664-9A63-9B3E257B2AF7} = {E1D84770-977A-4B19-8631-6FB0BF7EA019}
		{812556A1-6687-497A-A3A6-6157FB241220} = {A91BBDFA-C068-46F6-945A-28AEA81F3395}
	EndGlobalSection
	GlobalSection(ExtensibilityGlobals) = postSolution
		SolutionGuid = {8BCD242F-5A4F-46C1-8180-A7300CE27088}
	EndGlobalSection
EndGlobal
